<?xml version="1.0" encoding="utf-8"?>
<Project ToolsVersion="4.0" xmlns="http://schemas.microsoft.com/developer/msbuild/2003">
  <ItemGroup>
    <Filter Include="Source Files">
      <UniqueIdentifier>{4FC737F1-C7A5-4376-A066-2A32D752A2FF}</UniqueIdentifier>
      <Extensions>cpp;cxx;c;def</Extensions>
    </Filter>
    <Filter Include="Header Files">
      <UniqueIdentifier>{93995380-89BD-4b04-88EB-625FBE52EBFB}</UniqueIdentifier>
      <Extensions>h</Extensions>
    </Filter>
    <Filter Include="Form Files">
      <UniqueIdentifier>{99349809-55BA-4b9d-BF79-8FDBB0286EB3}</UniqueIdentifier>
      <Extensions>ui</Extensions>
    </Filter>
    <Filter Include="Resource Files">
      <UniqueIdentifier>{D9D6E242-F8AF-46E4-B9FD-80ECBC20BA3E}</UniqueIdentifier>
      <Extensions>qrc;*</Extensions>
      <ParseFiles>false</ParseFiles>
    </Filter>
    <Filter Include="Generated Files">
      <UniqueIdentifier>{71ED8ED8-ACB9-4CE9-BBE1-E00B30144E11}</UniqueIdentifier>
      <Extensions>moc;h;cpp</Extensions>
      <SourceControlFiles>False</SourceControlFiles>
    </Filter>
    <Filter Include="Generated Files\Debug">
      <UniqueIdentifier>{c02ca14f-eb00-41c7-88ae-dd30b96df1be}</UniqueIdentifier>
      <Extensions>cpp;moc</Extensions>
      <SourceControlFiles>False</SourceControlFiles>
    </Filter>
    <Filter Include="Generated Files\Release">
      <UniqueIdentifier>{f94297dc-3fcd-4f3b-8986-c34ad0d827cb}</UniqueIdentifier>
      <Extensions>cpp;moc</Extensions>
      <SourceControlFiles>False</SourceControlFiles>
    </Filter>
    <Filter Include="Translation Files">
      <UniqueIdentifier>{639EADAA-A684-42e4-A9AD-28FC9BCB8F7C}</UniqueIdentifier>
      <Extensions>ts</Extensions>
      <ParseFiles>false</ParseFiles>
    </Filter>
    <Filter Include="WebService">
      <UniqueIdentifier>{a8bd1d72-f2d5-4908-aa46-a108a3d7918d}</UniqueIdentifier>
    </Filter>
  </ItemGroup>
  <ItemGroup>
    <ClCompile Include="stdafx.cpp">
      <Filter>Source Files</Filter>
    </ClCompile>
    <ClCompile Include="main.cpp">
      <Filter>Source Files</Filter>
    </ClCompile>
    <ClCompile Include="printmark.cpp">
      <Filter>Source Files</Filter>
    </ClCompile>
    <ClCompile Include="GeneratedFiles\Debug\moc_printmark.cpp">
      <Filter>Generated Files\Debug</Filter>
    </ClCompile>
    <ClCompile Include="GeneratedFiles\Release\moc_printmark.cpp">
      <Filter>Generated Files\Release</Filter>
    </ClCompile>
    <ClCompile Include="GeneratedFiles\qrc_printmark.cpp">
      <Filter>Generated Files</Filter>
    </ClCompile>
    <ClCompile Include="iomonitor.cpp">
      <Filter>Source Files</Filter>
    </ClCompile>
    <ClCompile Include="GeneratedFiles\Debug\moc_iomonitor.cpp">
      <Filter>Generated Files\Debug</Filter>
    </ClCompile>
    <ClCompile Include="GeneratedFiles\Release\moc_iomonitor.cpp">
      <Filter>Generated Files\Release</Filter>
    </ClCompile>
    <ClCompile Include="camcalibration.cpp">
      <Filter>Source Files</Filter>
    </ClCompile>
    <ClCompile Include="GeneratedFiles\Debug\moc_camcalibration.cpp">
      <Filter>Generated Files\Debug</Filter>
    </ClCompile>
    <ClCompile Include="GeneratedFiles\Release\moc_camcalibration.cpp">
      <Filter>Generated Files\Release</Filter>
    </ClCompile>
    <ClCompile Include="excelfun.cpp">
      <Filter>Source Files</Filter>
    </ClCompile>
    <ClCompile Include="PassWordDialog.cpp">
      <Filter>Source Files</Filter>
    </ClCompile>
    <ClCompile Include="GeneratedFiles\Debug\moc_PassWordDialog.cpp">
      <Filter>Generated Files\Debug</Filter>
    </ClCompile>
    <ClCompile Include="GeneratedFiles\Release\moc_PassWordDialog.cpp">
      <Filter>Generated Files\Release</Filter>
    </ClCompile>
    <ClCompile Include="platformcontroller.cpp">
      <Filter>Source Files</Filter>
    </ClCompile>
    <ClCompile Include="GeneratedFiles\Debug\moc_platformcontroller.cpp">
      <Filter>Generated Files\Debug</Filter>
    </ClCompile>
    <ClCompile Include="GeneratedFiles\Release\moc_platformcontroller.cpp">
      <Filter>Generated Files\Release</Filter>
    </ClCompile>
    <ClCompile Include="syssetup.cpp">
      <Filter>Source Files</Filter>
    </ClCompile>
    <ClCompile Include="GeneratedFiles\Debug\moc_syssetup.cpp">
      <Filter>Generated Files\Debug</Filter>
    </ClCompile>
    <ClCompile Include="GeneratedFiles\Release\moc_syssetup.cpp">
      <Filter>Generated Files\Release</Filter>
    </ClCompile>
    <ClCompile Include="runparams.cpp">
      <Filter>Source Files</Filter>
    </ClCompile>
    <ClCompile Include="GeneratedFiles\Debug\moc_runparams.cpp">
      <Filter>Generated Files\Debug</Filter>
    </ClCompile>
    <ClCompile Include="GeneratedFiles\Release\moc_runparams.cpp">
      <Filter>Generated Files\Release</Filter>
    </ClCompile>
    <ClCompile Include="offsetsetup.cpp">
      <Filter>Source Files</Filter>
    </ClCompile>
    <ClCompile Include="GeneratedFiles\Debug\moc_offsetsetup.cpp">
      <Filter>Generated Files\Debug</Filter>
    </ClCompile>
    <ClCompile Include="GeneratedFiles\Release\moc_offsetsetup.cpp">
      <Filter>Generated Files\Release</Filter>
    </ClCompile>
    <ClCompile Include="conveyor.cpp">
      <Filter>Source Files</Filter>
    </ClCompile>
    <ClCompile Include="GeneratedFiles\Debug\moc_conveyor.cpp">
      <Filter>Generated Files\Debug</Filter>
    </ClCompile>
    <ClCompile Include="GeneratedFiles\Release\moc_conveyor.cpp">
      <Filter>Generated Files\Release</Filter>
    </ClCompile>
    <ClCompile Include="database.cpp">
      <Filter>Source Files</Filter>
    </ClCompile>
    <ClCompile Include="WebService\stdsoap2.cpp">
      <Filter>WebService</Filter>
    </ClCompile>
    <ClCompile Include="sfcwin.cpp">
      <Filter>Source Files</Filter>
    </ClCompile>
    <ClCompile Include="GeneratedFiles\Debug\moc_sfcwin.cpp">
      <Filter>Generated Files\Debug</Filter>
    </ClCompile>
    <ClCompile Include="GeneratedFiles\Release\moc_sfcwin.cpp">
      <Filter>Generated Files\Release</Filter>
    </ClCompile>
    <ClCompile Include="timerecord.cpp">
      <Filter>Source Files</Filter>
    </ClCompile>
    <ClCompile Include="GeneratedFiles\Debug\moc_timerecord.cpp">
      <Filter>Generated Files\Debug</Filter>
    </ClCompile>
    <ClCompile Include="GeneratedFiles\Release\moc_timerecord.cpp">
      <Filter>Generated Files\Release</Filter>
    </ClCompile>
    <ClCompile Include="smp86xhandler.cpp">
      <Filter>Source Files</Filter>
    </ClCompile>
    <ClCompile Include="GeneratedFiles\Debug\moc_smp86xhandler.cpp">
      <Filter>Generated Files\Debug</Filter>
    </ClCompile>
    <ClCompile Include="GeneratedFiles\Release\moc_smp86xhandler.cpp">
      <Filter>Generated Files\Release</Filter>
    </ClCompile>
    <ClCompile Include="WebService\soapBasicHttpBinding_USCOREIFoxlinkAddProxy.cpp">
      <Filter>WebService</Filter>
    </ClCompile>
    <ClCompile Include="WebService\soapC.cpp">
      <Filter>WebService</Filter>
    </ClCompile>
    <ClCompile Include="GeneratedFiles\Debug\moc_SfcLogin.cpp">
      <Filter>Generated Files\Debug</Filter>
    </ClCompile>
    <ClCompile Include="GeneratedFiles\Release\moc_SfcLogin.cpp">
      <Filter>Generated Files\Release</Filter>
    </ClCompile>
    <ClCompile Include="SfcLogin.cpp">
      <Filter>Source Files</Filter>
    </ClCompile>
    <ClCompile Include="GeneratedFiles\Debug\moc_ink.cpp">
      <Filter>Generated Files\Debug</Filter>
    </ClCompile>
    <ClCompile Include="GeneratedFiles\Release\moc_ink.cpp">
      <Filter>Generated Files\Release</Filter>
    </ClCompile>
    <ClCompile Include="ink.cpp">
      <Filter>Source Files</Filter>
    </ClCompile>
    <ClCompile Include="GeneratedFiles\Debug\moc_Help.cpp">
      <Filter>Generated Files\Debug</Filter>
    </ClCompile>
    <ClCompile Include="GeneratedFiles\Release\moc_Help.cpp">
      <Filter>Generated Files\Release</Filter>
    </ClCompile>
    <ClCompile Include="Help.cpp">
      <Filter>Source Files</Filter>
    </ClCompile>
    <ClCompile Include="GeneratedFiles\Debug\moc_MKU6000.cpp">
      <Filter>Generated Files\Debug</Filter>
    </ClCompile>
    <ClCompile Include="GeneratedFiles\Release\moc_MKU6000.cpp">
      <Filter>Generated Files\Release</Filter>
    </ClCompile>
    <ClCompile Include="MKU6000.cpp">
      <Filter>Source Files</Filter>
    </ClCompile>
    <ClCompile Include="GeneratedFiles\Debug\moc_arraydatasetup.cpp">
      <Filter>Generated Files\Debug</Filter>
    </ClCompile>
    <ClCompile Include="GeneratedFiles\Release\moc_arraydatasetup.cpp">
      <Filter>Generated Files\Release</Filter>
    </ClCompile>
    <ClCompile Include="arraydatasetup.cpp">
      <Filter>Source Files</Filter>
    </ClCompile>
    <ClCompile Include="GeneratedFiles\Debug\moc_Moveposition.cpp">
      <Filter>Generated Files\Debug</Filter>
    </ClCompile>
    <ClCompile Include="GeneratedFiles\Release\moc_Moveposition.cpp">
      <Filter>Generated Files\Release</Filter>
    </ClCompile>
    <ClCompile Include="Moveposition.cpp">
      <Filter>Source Files</Filter>
    </ClCompile>
    <ClCompile Include="GeneratedFiles\Debug\moc_pyBattery.cpp">
      <Filter>Generated Files\Debug</Filter>
    </ClCompile>
    <ClCompile Include="GeneratedFiles\Release\moc_pyBattery.cpp">
      <Filter>Generated Files\Release</Filter>
    </ClCompile>
    <ClCompile Include="pyBattery.cpp">
      <Filter>Source Files</Filter>
    </ClCompile>
  </ItemGroup>
  <ItemGroup>
    <ClInclude Include="stdafx.h">
      <Filter>Header Files</Filter>
    </ClInclude>
    <ClInclude Include="GeneratedFiles\ui_printmark.h">
      <Filter>Generated Files</Filter>
    </ClInclude>
    <ClInclude Include="GeneratedFiles\ui_iomonitor.h">
      <Filter>Generated Files</Filter>
    </ClInclude>
    <ClInclude Include="GeneratedFiles\ui_camcalibration.h">
      <Filter>Generated Files</Filter>
    </ClInclude>
    <ClInclude Include="excelfun.h">
      <Filter>Header Files</Filter>
    </ClInclude>
    <ClInclude Include="GeneratedFiles\ui_NewPassWordDialog.h">
      <Filter>Generated Files</Filter>
    </ClInclude>
    <ClInclude Include="GeneratedFiles\ui_PassWordDialog.h">
      <Filter>Generated Files</Filter>
    </ClInclude>
    <ClInclude Include="GeneratedFiles\ui_platformcontroller.h">
      <Filter>Generated Files</Filter>
    </ClInclude>
    <ClInclude Include="GeneratedFiles\ui_syssetup.h">
      <Filter>Generated Files</Filter>
    </ClInclude>
    <ClInclude Include="GeneratedFiles\ui_runparams.h">
      <Filter>Generated Files</Filter>
    </ClInclude>
    <ClInclude Include="GeneratedFiles\ui_offsetsetup.h">
      <Filter>Generated Files</Filter>
    </ClInclude>
    <ClInclude Include="GeneratedFiles\ui_conveyor.h">
      <Filter>Generated Files</Filter>
    </ClInclude>
    <ClInclude Include="database.h">
      <Filter>Header Files</Filter>
    </ClInclude>
    <ClInclude Include="WebService\soapH.h">
      <Filter>WebService</Filter>
    </ClInclude>
    <ClInclude Include="WebService\soapStub.h">
      <Filter>WebService</Filter>
    </ClInclude>
    <ClInclude Include="WebService\stdsoap2.h">
      <Filter>WebService</Filter>
    </ClInclude>
    <ClInclude Include="GeneratedFiles\ui_sfcwin.h">
      <Filter>Generated Files</Filter>
    </ClInclude>
    <ClInclude Include="GeneratedFiles\ui_timerecord.h">
      <Filter>Generated Files</Filter>
    </ClInclude>
    <ClInclude Include="config.h">
      <Filter>Header Files</Filter>
    </ClInclude>
    <ClInclude Include="smp86xlib.h">
      <Filter>Header Files</Filter>
    </ClInclude>
    <ClInclude Include="WebService\soapBasicHttpBinding_USCOREIFoxlinkAddProxy.h">
      <Filter>WebService</Filter>
    </ClInclude>
    <ClInclude Include="GeneratedFiles\ui_SfcLogin.h">
      <Filter>Generated Files</Filter>
    </ClInclude>
    <ClInclude Include="GeneratedFiles\ui_ink.h">
      <Filter>Generated Files</Filter>
    </ClInclude>
    <ClInclude Include="GeneratedFiles\ui_Help.h">
      <Filter>Generated Files</Filter>
    </ClInclude>
    <ClInclude Include="resource.h">
      <Filter>Header Files</Filter>
    </ClInclude>
    <ClInclude Include="GeneratedFiles\ui_MKU6000.h">
      <Filter>Generated Files</Filter>
    </ClInclude>
    <ClInclude Include="GeneratedFiles\ui_arraydatasetup.h">
      <Filter>Generated Files</Filter>
    </ClInclude>
    <ClInclude Include="GeneratedFiles\ui_Moveposition.h">
      <Filter>Generated Files</Filter>
    </ClInclude>
    <ClInclude Include="GeneratedFiles\ui_pyBattery.h">
      <Filter>Generated Files</Filter>
    </ClInclude>
  </ItemGroup>
  <ItemGroup>
    <CustomBuild Include="printmark.h">
      <Filter>Header Files</Filter>
    </CustomBuild>
    <CustomBuild Include="printmark.ui">
      <Filter>Form Files</Filter>
    </CustomBuild>
    <CustomBuild Include="printmark.qrc">
      <Filter>Resource Files</Filter>
    </CustomBuild>
    <CustomBuild Include="iomonitor.h">
      <Filter>Header Files</Filter>
    </CustomBuild>
    <CustomBuild Include="iomonitor.ui">
      <Filter>Form Files</Filter>
    </CustomBuild>
    <CustomBuild Include="camcalibration.h">
      <Filter>Header Files</Filter>
    </CustomBuild>
    <CustomBuild Include="camcalibration.ui">
      <Filter>Form Files</Filter>
    </CustomBuild>
    <CustomBuild Include="NewPassWordDialog.ui">
      <Filter>Form Files</Filter>
    </CustomBuild>
    <CustomBuild Include="PassWordDialog.h">
      <Filter>Header Files</Filter>
    </CustomBuild>
    <CustomBuild Include="PassWordDialog.ui">
      <Filter>Form Files</Filter>
    </CustomBuild>
    <CustomBuild Include="platformcontroller.h">
      <Filter>Header Files</Filter>
    </CustomBuild>
    <CustomBuild Include="platformcontroller.ui">
      <Filter>Form Files</Filter>
    </CustomBuild>
    <CustomBuild Include="syssetup.h">
      <Filter>Header Files</Filter>
    </CustomBuild>
    <CustomBuild Include="syssetup.ui">
      <Filter>Form Files</Filter>
    </CustomBuild>
    <CustomBuild Include="runparams.h">
      <Filter>Header Files</Filter>
    </CustomBuild>
    <CustomBuild Include="runparams.ui">
      <Filter>Form Files</Filter>
    </CustomBuild>
    <CustomBuild Include="offsetsetup.h">
      <Filter>Header Files</Filter>
    </CustomBuild>
    <CustomBuild Include="offsetsetup.ui">
      <Filter>Form Files</Filter>
    </CustomBuild>
    <CustomBuild Include="conveyor.h">
      <Filter>Header Files</Filter>
    </CustomBuild>
    <CustomBuild Include="conveyor.ui">
      <Filter>Form Files</Filter>
    </CustomBuild>
    <CustomBuild Include="sfcwin.h">
      <Filter>Header Files</Filter>
    </CustomBuild>
    <CustomBuild Include="sfcwin.ui">
      <Filter>Form Files</Filter>
    </CustomBuild>
    <CustomBuild Include="timerecord.h">
      <Filter>Header Files</Filter>
    </CustomBuild>
    <CustomBuild Include="timerecord.ui">
      <Filter>Form Files</Filter>
    </CustomBuild>
    <CustomBuild Include="smp86xhandler.h">
      <Filter>Header Files</Filter>
    </CustomBuild>
    <CustomBuild Include="SfcLogin.h">
      <Filter>Header Files</Filter>
    </CustomBuild>
    <CustomBuild Include="SfcLogin.ui">
      <Filter>Form Files</Filter>
    </CustomBuild>
    <CustomBuild Include="ink.h">
      <Filter>Header Files</Filter>
    </CustomBuild>
    <CustomBuild Include="ink.ui">
      <Filter>Form Files</Filter>
    </CustomBuild>
    <CustomBuild Include="Help.h">
      <Filter>Header Files</Filter>
    </CustomBuild>
    <CustomBuild Include="Help.ui">
      <Filter>Form Files</Filter>
    </CustomBuild>
    <CustomBuild Include="MKU6000.h">
      <Filter>Header Files</Filter>
    </CustomBuild>
    <CustomBuild Include="MKU6000.ui">
      <Filter>Form Files</Filter>
    </CustomBuild>
    <CustomBuild Include="arraydatasetup.h">
      <Filter>Header Files</Filter>
    </CustomBuild>
    <CustomBuild Include="arraydatasetup.ui">
      <Filter>Form Files</Filter>
    </CustomBuild>
    <CustomBuild Include="Moveposition.h">
      <Filter>Header Files</Filter>
    </CustomBuild>
    <CustomBuild Include="Moveposition.ui">
      <Filter>Form Files</Filter>
    </CustomBuild>
    <CustomBuild Include="pyBattery.h">
      <Filter>Header Files</Filter>
    </CustomBuild>
    <CustomBuild Include="pyBattery.ui">
      <Filter>Form Files</Filter>
    </CustomBuild>
  </ItemGroup>
  <ItemGroup>
    <None Include="WebService\BasicHttpBinding_USCOREIFoxlinkAdd.nsmap">
      <Filter>WebService</Filter>
    </None>
    <None Include="ClassDiagram.cd" />
  </ItemGroup>
  <ItemGroup>
    <Image Include="bitmap1.bmp" />
    <Image Include="PrintMark.ico" />
  </ItemGroup>
</Project>